
Microsoft Visual Studio Solution File, Format Version 12.00
# Visual Studio 15
Project("{FAE04EC0-301F-11D3-BF4B-00C04F79EFBC}") = "Assembly-CSharp", "Assembly-CSharp.csproj", "{C365172B-9EAA-73F3-FE3B-C9D9854C55F0}"
EndProject
Project("{FAE04EC0-301F-11D3-BF4B-00C04F79EFBC}") = "Assembly-CSharp-firstpass", "Assembly-CSharp-firstpass.csproj", "{B6B8A851-9F65-4A5A-2AEF-F44831B94244}"
EndProject
Global
	GlobalSection(SolutionConfigurationPlatforms) = preSolution
		Debug|Any CPU = Debug|Any CPU
		Release|Any CPU = Release|Any CPU
	EndGlobalSection
	GlobalSection(ProjectConfigurationPlatforms) = postSolution
		{C365172B-9EAA-73F3-FE3B-C9D9854C55F0}.Debug|Any CPU.ActiveCfg = Debug|Any CPU
		{C365172B-9EAA-73F3-FE3B-C9D9854C55F0}.Debug|Any CPU.Build.0 = Debug|Any CPU
		{C365172B-9EAA-73F3-FE3B-C9D9854C55F0}.Release|Any CPU.ActiveCfg = Release|Any CPU
		{C365172B-9EAA-73F3-FE3B-C9D9854C55F0}.Release|Any CPU.Build.0 = Release|Any CPU
		{B6B8A851-9F65-4A5A-2AEF-F44831B94244}.Debug|Any CPU.ActiveCfg = Debug|Any CPU
		{B6B8A851-9F65-4A5A-2AEF-F44831B94244}.Debug|Any CPU.Build.0 = Debug|Any CPU
		{B6B8A851-9F65-4A5A-2AEF-F44831B94244}.Release|Any CPU.ActiveCfg = Release|Any CPU
		{B6B8A851-9F65-4A5A-2AEF-F44831B94244}.Release|Any CPU.Build.0 = Release|Any CPU
	EndGlobalSection
	GlobalSection(SolutionProperties) = preSolution
		HideSolutionNode = FALSE
	EndGlobalSection
EndGlobal
